
Microsoft Visual Studio Solution File, Format Version 11.00
# Visual Studio 2010
Project("{FAE04EC0-301F-11D3-BF4B-00C04F79EFBC}") = "Information_analysis_of_university", "Information_analysis_of_university\Information_analysis_of_university.csproj", "{A98C5A89-58F6-48DE-8191-E8967EFCFBEB}"
	ProjectSection(ProjectDependencies) = postProject
		{1A08D044-6821-460E-90C6-96C4D73DEED2} = {1A08D044-6821-460E-90C6-96C4D73DEED2}
	EndProjectSection
EndProject
Project("{FAE04EC0-301F-11D3-BF4B-00C04F79EFBC}") = "DatabaseLevel", "DatabaseLevel\DatabaseLevel.csproj", "{1A08D044-6821-460E-90C6-96C4D73DEED2}"
EndProject
Global
	GlobalSection(SolutionConfigurationPlatforms) = preSolution
		Debug|Any CPU = Debug|Any CPU
		Debug|Mixed Platforms = Debug|Mixed Platforms
		Debug|x86 = Debug|x86
		Release|Any CPU = Release|Any CPU
		Release|Mixed Platforms = Release|Mixed Platforms
		Release|x86 = Release|x86
	EndGlobalSection
	GlobalSection(ProjectConfigurationPlatforms) = postSolution
		{A98C5A89-58F6-48DE-8191-E8967EFCFBEB}.Debug|Any CPU.ActiveCfg = Debug|x86
		{A98C5A89-58F6-48DE-8191-E8967EFCFBEB}.Debug|Mixed Platforms.ActiveCfg = Debug|x86
		{A98C5A89-58F6-48DE-8191-E8967EFCFBEB}.Debug|Mixed Platforms.Build.0 = Debug|x86
		{A98C5A89-58F6-48DE-8191-E8967EFCFBEB}.Debug|x86.ActiveCfg = Debug|x86
		{A98C5A89-58F6-48DE-8191-E8967EFCFBEB}.Debug|x86.Build.0 = Debug|x86
		{A98C5A89-58F6-48DE-8191-E8967EFCFBEB}.Release|Any CPU.ActiveCfg = Release|x86
		{A98C5A89-58F6-48DE-8191-E8967EFCFBEB}.Release|Mixed Platforms.ActiveCfg = Release|x86
		{A98C5A89-58F6-48DE-8191-E8967EFCFBEB}.Release|Mixed Platforms.Build.0 = Release|x86
		{A98C5A89-58F6-48DE-8191-E8967EFCFBEB}.Release|x86.ActiveCfg = Release|x86
		{A98C5A89-58F6-48DE-8191-E8967EFCFBEB}.Release|x86.Build.0 = Release|x86
		{1A08D044-6821-460E-90C6-96C4D73DEED2}.Debug|Any CPU.ActiveCfg = Debug|Any CPU
		{1A08D044-6821-460E-90C6-96C4D73DEED2}.Debug|Any CPU.Build.0 = Debug|Any CPU
		{1A08D044-6821-460E-90C6-96C4D73DEED2}.Debug|Mixed Platforms.ActiveCfg = Debug|Any CPU
		{1A08D044-6821-460E-90C6-96C4D73DEED2}.Debug|Mixed Platforms.Build.0 = Debug|Any CPU
		{1A08D044-6821-460E-90C6-96C4D73DEED2}.Debug|x86.ActiveCfg = Debug|Any CPU
		{1A08D044-6821-460E-90C6-96C4D73DEED2}.Release|Any CPU.ActiveCfg = Release|Any CPU
		{1A08D044-6821-460E-90C6-96C4D73DEED2}.Release|Any CPU.Build.0 = Release|Any CPU
		{1A08D044-6821-460E-90C6-96C4D73DEED2}.Release|Mixed Platforms.ActiveCfg = Release|Any CPU
		{1A08D044-6821-460E-90C6-96C4D73DEED2}.Release|Mixed Platforms.Build.0 = Release|Any CPU
		{1A08D044-6821-460E-90C6-96C4D73DEED2}.Release|x86.ActiveCfg = Release|Any CPU
	EndGlobalSection
	GlobalSection(SolutionProperties) = preSolution
		HideSolutionNode = FALSE
	EndGlobalSection
EndGlobal
